// !$*UTF8*$!
{
	archiveVersion = 1;
	classes = {
	};
	objectVersion = 70;
	objects = {

/* Begin PBXBuildFile section */
		036064346DF6C3F5A5EB73B9 /* FavouriteProfilesWidget.swift in Sources */ = {isa = PBXBuildFile; fileRef = B3F3395C02F8FC13BD3CA6B3 /* FavouriteProfilesWidget.swift */; };
		09598367A0C0F86F7E490825 /* ShotContentMapper.swift in Sources */ = {isa = PBXBuildFile; fileRef = 666EDE04426FCCA3D9BB5BA5 /* ShotContentMapper.swift */; };
		0FDD8F08EBB0643DF10384B7 /* ShotGraphBuffer.swift in Sources */ = {isa = PBXBuildFile; fileRef = 0E2F64F1D8D8AA67BC42E0D4 /* ShotGraphBuffer.swift */; };
		17AAABDE269198C9EC0B0561 /* MeticWidgetsBundle.swift in Sources */ = {isa = PBXBuildFile; fileRef = 8D9002DEDBB5C5EDE9E11D01 /* MeticWidgetsBundle.swift */; };
		1FDC454A924855BC797F55C4 /* AppGroup.swift in Sources */ = {isa = PBXBuildFile; fileRef = DDBB498CAAA26EB7EF8CB0DE /* AppGroup.swift */; };
		2207F6E137EA339FD2C09930 /* ShotGlanceable.swift in Sources */ = {isa = PBXBuildFile; fileRef = E80FD34DC498D748822CFC10 /* ShotGlanceable.swift */; };
		226A9C18E8CAAD6AEBBB2810 /* ShotGraphBufferTests.swift in Sources */ = {isa = PBXBuildFile; fileRef = AE6E3C4B1E108ACC057FB819 /* ShotGraphBufferTests.swift */; };
		2293E69E244EE3D32F2E02E8 /* ControlIntents.swift in Sources */ = {isa = PBXBuildFile; fileRef = F022BB0FF7FC634C03D214B7 /* ControlIntents.swift */; };
		229B7B2E2B0562147CB399FD /* ShotGlanceableTests.swift in Sources */ = {isa = PBXBuildFile; fileRef = 3AEC17A099323A471C131E0B /* ShotGlanceableTests.swift */; };
		2B601A498CC824426923F37A /* ShotGraphBuffer.swift in Sources */ = {isa = PBXBuildFile; fileRef = 0E2F64F1D8D8AA67BC42E0D4 /* ShotGraphBuffer.swift */; };
		2FAD9763203C412B000D30F8 /* config.xml in Resources */ = {isa = PBXBuildFile; fileRef = 2FAD9762203C412B000D30F8 /* config.xml */; };
		3636A7C37BF534DB9994AF34 /* LiveActivityPlugin.swift in Sources */ = {isa = PBXBuildFile; fileRef = 6584A231A09DD35B0DEB8E9F /* LiveActivityPlugin.swift */; };
		3E71555296CB72726A2D9284 /* MachineClientTests.swift in Sources */ = {isa = PBXBuildFile; fileRef = 59C3ACB4200397393E8FEF69 /* MachineClientTests.swift */; };
		4045D280FC6E252252B7B9BA /* ControlCenterWidget.swift in Sources */ = {isa = PBXBuildFile; fileRef = 1F200D3B013C5266601DC206 /* ControlCenterWidget.swift */; };
		4574AD9D26DC60A3D05ED22A /* StartShotIntent.swift in Sources */ = {isa = PBXBuildFile; fileRef = 8E4546CA7AA0E6E376F4C4A6 /* StartShotIntent.swift */; };
		4C4A2FEC8DFCF6B26F6275E5 /* AppGroup.swift in Sources */ = {isa = PBXBuildFile; fileRef = DDBB498CAAA26EB7EF8CB0DE /* AppGroup.swift */; };
		4D22ABE92AF431CB00220026 /* CapApp-SPM in Frameworks */ = {isa = PBXBuildFile; productRef = 4D22ABE82AF431CB00220026 /* CapApp-SPM */; };
		4D7EDF44F6B79EC189EC0BEE /* MeticWidgets.appex in Embed Foundation Extensions */ = {isa = PBXBuildFile; fileRef = 65D946B06CB363F431631450 /* MeticWidgets.appex */; settings = {ATTRIBUTES = (RemoveHeadersOnCopy, ); }; };
		50379B232058CBB4000EE86E /* capacitor.config.json in Resources */ = {isa = PBXBuildFile; fileRef = 50379B222058CBB4000EE86E /* capacitor.config.json */; };
		504EC3081FED79650016851F /* AppDelegate.swift in Sources */ = {isa = PBXBuildFile; fileRef = 504EC3071FED79650016851F /* AppDelegate.swift */; };
		504EC30D1FED79650016851F /* Main.storyboard in Resources */ = {isa = PBXBuildFile; fileRef = 504EC30B1FED79650016851F /* Main.storyboard */; };
		504EC30F1FED79650016851F /* Assets.xcassets in Resources */ = {isa = PBXBuildFile; fileRef = 504EC30E1FED79650016851F /* Assets.xcassets */; };
		504EC3121FED79650016851F /* LaunchScreen.storyboard in Resources */ = {isa = PBXBuildFile; fileRef = 504EC3101FED79650016851F /* LaunchScreen.storyboard */; };
		504ED0012C0000000016851F /* MeticulousDiscoveryPlugin.swift in Sources */ = {isa = PBXBuildFile; fileRef = 504ED0002C0000000016851F /* MeticulousDiscoveryPlugin.swift */; };
		504ED0032C0000000016851F /* MeticulousViewController.swift in Sources */ = {isa = PBXBuildFile; fileRef = 504ED0022C0000000016851F /* MeticulousViewController.swift */; };
		50B271D11FEDC1A000F3C39B /* public in Resources */ = {isa = PBXBuildFile; fileRef = 50B271D01FEDC1A000F3C39B /* public */; };
		521479CA40C31B3033FCB0A4 /* ShotActivityController.swift in Sources */ = {isa = PBXBuildFile; fileRef = BC9D1511714709CEC5978A1A /* ShotActivityController.swift */; };
		55D7ED31487EB217B58FA202 /* ShotContentMapperTests.swift in Sources */ = {isa = PBXBuildFile; fileRef = E24588123C419E4F20CABF95 /* ShotContentMapperTests.swift */; };
		56CE82BEC4AD0258C52AD0D7 /* ShotGlanceable.swift in Sources */ = {isa = PBXBuildFile; fileRef = E80FD34DC498D748822CFC10 /* ShotGlanceable.swift */; };
		5F08916E83D38CFF3F30660A /* ShotGlanceable.swift in Sources */ = {isa = PBXBuildFile; fileRef = E80FD34DC498D748822CFC10 /* ShotGlanceable.swift */; };
		65D70819BDC96E205C5AD6EE /* ShotStreamer.swift in Sources */ = {isa = PBXBuildFile; fileRef = F4A4AFA91960E11D6B7ADC21 /* ShotStreamer.swift */; };
		67C760925EE76C9C5BCB613B /* ShotActivityAttributes.swift in Sources */ = {isa = PBXBuildFile; fileRef = BE3F46964C8408DFA12F8C42 /* ShotActivityAttributes.swift */; };
		6869E828D35C6DB29A4B9E1C /* MachineClient.swift in Sources */ = {isa = PBXBuildFile; fileRef = A2A094DF44F18C8DE4DEF9A6 /* MachineClient.swift */; };
		6BF3E75A13ECDFFD53CA0859 /* SocketIOStatusReader.swift in Sources */ = {isa = PBXBuildFile; fileRef = C6EDF8C30FE3910E7C2D0D58 /* SocketIOStatusReader.swift */; };
		6C08FD92D20CD5E30154BFBE /* SocketIOStatusReader.swift in Sources */ = {isa = PBXBuildFile; fileRef = C6EDF8C30FE3910E7C2D0D58 /* SocketIOStatusReader.swift */; };
		76A539D2BA76FFB6D5F8C9FD /* Models.swift in Sources */ = {isa = PBXBuildFile; fileRef = 7774BC9E16930145EAD6BEE2 /* Models.swift */; };
		783A4DD39BBD428FEDC16DB6 /* WidgetBridgePlugin.swift in Sources */ = {isa = PBXBuildFile; fileRef = B58ED938C16A4703AD994F0B /* WidgetBridgePlugin.swift */; };
		796C6014B15243111FE568AA /* WidgetSupport.swift in Sources */ = {isa = PBXBuildFile; fileRef = 2E9DDC937E6A2575325A680E /* WidgetSupport.swift */; };
		7DC16F11E75F04BA919F2A75 /* ShotLiveActivity.swift in Sources */ = {isa = PBXBuildFile; fileRef = 8564FF9F3B33655CC6BF4128 /* ShotLiveActivity.swift */; };
		80FD3D12BAF1DE4314C52941 /* ShotDynamicIsland.swift in Sources */ = {isa = PBXBuildFile; fileRef = D5F3A39401819A1DBCA197AF /* ShotDynamicIsland.swift */; };
		81A5E43DD2FBFD210D2BD9E9 /* ShotStreamer.swift in Sources */ = {isa = PBXBuildFile; fileRef = F4A4AFA91960E11D6B7ADC21 /* ShotStreamer.swift */; };
		84339E407D2F51CE255759C5 /* StartProfileIntent.swift in Sources */ = {isa = PBXBuildFile; fileRef = 9E90915895B55F6358F61E0C /* StartProfileIntent.swift */; };
		8B8303C832067999C06C7072 /* Models.swift in Sources */ = {isa = PBXBuildFile; fileRef = 7774BC9E16930145EAD6BEE2 /* Models.swift */; };
		98C315FF459F8E85A3AB4020 /* ShotActivityAttributes.swift in Sources */ = {isa = PBXBuildFile; fileRef = BE3F46964C8408DFA12F8C42 /* ShotActivityAttributes.swift */; };
		9E222C543009E322009A1738 /* ShareExtension.appex in Embed Foundation Extensions */ = {isa = PBXBuildFile; fileRef = 9E222C4A3009E322009A1738 /* ShareExtension.appex */; settings = {ATTRIBUTES = (RemoveHeadersOnCopy, ); }; };
		A4D05594401E7A5FECC5DCF5 /* ShotStreamer.swift in Sources */ = {isa = PBXBuildFile; fileRef = F4A4AFA91960E11D6B7ADC21 /* ShotStreamer.swift */; };
		A5598D2D64C62733FAEAC379 /* ShotGraphBuffer.swift in Sources */ = {isa = PBXBuildFile; fileRef = 0E2F64F1D8D8AA67BC42E0D4 /* ShotGraphBuffer.swift */; };
		B00E51FAE7D40B45484ED159 /* AppGroupStoreTests.swift in Sources */ = {isa = PBXBuildFile; fileRef = 8C12D88D74CA0B1E0086FA54 /* AppGroupStoreTests.swift */; };
		BBB95C68BF0F1BA63FA2F351 /* AppGroup.swift in Sources */ = {isa = PBXBuildFile; fileRef = DDBB498CAAA26EB7EF8CB0DE /* AppGroup.swift */; };
		C598517EFF03BF0763C589DF /* HeroWidgets.swift in Sources */ = {isa = PBXBuildFile; fileRef = 5DB98958FAB39748EF18BB70 /* HeroWidgets.swift */; };
		C8D5562BF1D9944C0D50E616 /* Foundation.framework in Frameworks */ = {isa = PBXBuildFile; fileRef = 540C6065DA8AAD71A4478B0D /* Foundation.framework */; };
		D6F22B46082F74D44E7BE98D /* MachineClient.swift in Sources */ = {isa = PBXBuildFile; fileRef = A2A094DF44F18C8DE4DEF9A6 /* MachineClient.swift */; };
		DCB55EE4CB324A263689051A /* ShotContentMapper.swift in Sources */ = {isa = PBXBuildFile; fileRef = 666EDE04426FCCA3D9BB5BA5 /* ShotContentMapper.swift */; };
		E47C739E30FBD4A4376B9673 /* ShotStreamerTests.swift in Sources */ = {isa = PBXBuildFile; fileRef = 7C1763E1B60560CE2E0EE640 /* ShotStreamerTests.swift */; };
		E64D6B91A1F81257F95C7BA7 /* ShotActivityAttributes.swift in Sources */ = {isa = PBXBuildFile; fileRef = BE3F46964C8408DFA12F8C42 /* ShotActivityAttributes.swift */; };
		F4FE02EF844F8BE14A4582D7 /* Models.swift in Sources */ = {isa = PBXBuildFile; fileRef = 7774BC9E16930145EAD6BEE2 /* Models.swift */; };
		FA3030CF41A84231A94CD2C1 /* ShotContentMapper.swift in Sources */ = {isa = PBXBuildFile; fileRef = 666EDE04426FCCA3D9BB5BA5 /* ShotContentMapper.swift */; };
		FC10AB353E36C04B1217772D /* Foundation.framework in Frameworks */ = {isa = PBXBuildFile; fileRef = 540C6065DA8AAD71A4478B0D /* Foundation.framework */; };
/* End PBXBuildFile section */

/* Begin PBXContainerItemProxy section */
		9E222C523009E322009A1738 /* PBXContainerItemProxy */ = {
			isa = PBXContainerItemProxy;
			containerPortal = 504EC2FC1FED79650016851F /* Project object */;
			proxyType = 1;
			remoteGlobalIDString = 9E222C493009E322009A1738;
			remoteInfo = ShareExtension;
		};
		D69DC2C7EE72FBF28C5914D7 /* PBXContainerItemProxy */ = {
			isa = PBXContainerItemProxy;
			containerPortal = 504EC2FC1FED79650016851F /* Project object */;
			proxyType = 1;
			remoteGlobalIDString = C33B0A48B731A488B170606A;
			remoteInfo = MeticWidgets;
		};
/* End PBXContainerItemProxy section */

/* Begin PBXCopyFilesBuildPhase section */
		9E222C553009E322009A1738 /* Embed Foundation Extensions */ = {
			isa = PBXCopyFilesBuildPhase;
			buildActionMask = 2147483647;
			dstPath = "";
			dstSubfolderSpec = 13;
			files = (
				9E222C543009E322009A1738 /* ShareExtension.appex in Embed Foundation Extensions */,
				4D7EDF44F6B79EC189EC0BEE /* MeticWidgets.appex in Embed Foundation Extensions */,
			);
			name = "Embed Foundation Extensions";
			runOnlyForDeploymentPostprocessing = 0;
		};
/* End PBXCopyFilesBuildPhase section */

/* Begin PBXFileReference section */
		0E2F64F1D8D8AA67BC42E0D4 /* ShotGraphBuffer.swift */ = {isa = PBXFileReference; includeInIndex = 1; lastKnownFileType = sourcecode.swift; path = ShotGraphBuffer.swift; sourceTree = "<group>"; };
		1F200D3B013C5266601DC206 /* ControlCenterWidget.swift */ = {isa = PBXFileReference; includeInIndex = 1; lastKnownFileType = sourcecode.swift; path = ControlCenterWidget.swift; sourceTree = "<group>"; };
		2E9DDC937E6A2575325A680E /* WidgetSupport.swift */ = {isa = PBXFileReference; includeInIndex = 1; lastKnownFileType = sourcecode.swift; path = WidgetSupport.swift; sourceTree = "<group>"; };
		2FAD9762203C412B000D30F8 /* config.xml */ = {isa = PBXFileReference; lastKnownFileType = text.xml; path = config.xml; sourceTree = "<group>"; };
		3AEC17A099323A471C131E0B /* ShotGlanceableTests.swift */ = {isa = PBXFileReference; includeInIndex = 1; lastKnownFileType = sourcecode.swift; path = ShotGlanceableTests.swift; sourceTree = "<group>"; };
		50379B222058CBB4000EE86E /* capacitor.config.json */ = {isa = PBXFileReference; fileEncoding = 4; lastKnownFileType = text.json; path = capacitor.config.json; sourceTree = "<group>"; };
		504EC3041FED79650016851F /* Metic.app */ = {isa = PBXFileReference; explicitFileType = wrapper.application; includeInIndex = 0; path = Metic.app; sourceTree = BUILT_PRODUCTS_DIR; };
		504EC3071FED79650016851F /* AppDelegate.swift */ = {isa = PBXFileReference; lastKnownFileType = sourcecode.swift; path = AppDelegate.swift; sourceTree = "<group>"; };
		504EC30C1FED79650016851F /* Base */ = {isa = PBXFileReference; lastKnownFileType = file.storyboard; name = Base; path = Base.lproj/Main.storyboard; sourceTree = "<group>"; };
		504EC30E1FED79650016851F /* Assets.xcassets */ = {isa = PBXFileReference; lastKnownFileType = folder.assetcatalog; path = Assets.xcassets; sourceTree = "<group>"; };
		504EC3111FED79650016851F /* Base */ = {isa = PBXFileReference; lastKnownFileType = file.storyboard; name = Base; path = Base.lproj/LaunchScreen.storyboard; sourceTree = "<group>"; };
		504EC3131FED79650016851F /* Info.plist */ = {isa = PBXFileReference; lastKnownFileType = text.plist.xml; path = Info.plist; sourceTree = "<group>"; };
		504ED0002C0000000016851F /* MeticulousDiscoveryPlugin.swift */ = {isa = PBXFileReference; lastKnownFileType = sourcecode.swift; path = MeticulousDiscoveryPlugin.swift; sourceTree = "<group>"; };
		504ED0022C0000000016851F /* MeticulousViewController.swift */ = {isa = PBXFileReference; lastKnownFileType = sourcecode.swift; path = MeticulousViewController.swift; sourceTree = "<group>"; };
		50B271D01FEDC1A000F3C39B /* public */ = {isa = PBXFileReference; lastKnownFileType = folder; path = public; sourceTree = "<group>"; };
		540C6065DA8AAD71A4478B0D /* Foundation.framework */ = {isa = PBXFileReference; lastKnownFileType = wrapper.framework; name = Foundation.framework; path = Platforms/iPhoneOS.platform/Developer/SDKs/iPhoneOS26.0.sdk/System/Library/Frameworks/Foundation.framework; sourceTree = DEVELOPER_DIR; };
		59C3ACB4200397393E8FEF69 /* MachineClientTests.swift */ = {isa = PBXFileReference; includeInIndex = 1; lastKnownFileType = sourcecode.swift; path = MachineClientTests.swift; sourceTree = "<group>"; };
		5DB98958FAB39748EF18BB70 /* HeroWidgets.swift */ = {isa = PBXFileReference; includeInIndex = 1; lastKnownFileType = sourcecode.swift; path = HeroWidgets.swift; sourceTree = "<group>"; };
		6584A231A09DD35B0DEB8E9F /* LiveActivityPlugin.swift */ = {isa = PBXFileReference; includeInIndex = 1; lastKnownFileType = sourcecode.swift; path = LiveActivityPlugin.swift; sourceTree = "<group>"; };
		65D946B06CB363F431631450 /* MeticWidgets.appex */ = {isa = PBXFileReference; explicitFileType = "wrapper.app-extension"; includeInIndex = 0; path = MeticWidgets.appex; sourceTree = BUILT_PRODUCTS_DIR; };
		666EDE04426FCCA3D9BB5BA5 /* ShotContentMapper.swift */ = {isa = PBXFileReference; includeInIndex = 1; lastKnownFileType = sourcecode.swift; path = ShotContentMapper.swift; sourceTree = "<group>"; };
		7774BC9E16930145EAD6BEE2 /* Models.swift */ = {isa = PBXFileReference; includeInIndex = 1; lastKnownFileType = sourcecode.swift; path = Models.swift; sourceTree = "<group>"; };
		7C1763E1B60560CE2E0EE640 /* ShotStreamerTests.swift */ = {isa = PBXFileReference; includeInIndex = 1; lastKnownFileType = sourcecode.swift; path = ShotStreamerTests.swift; sourceTree = "<group>"; };
		8564FF9F3B33655CC6BF4128 /* ShotLiveActivity.swift */ = {isa = PBXFileReference; includeInIndex = 1; lastKnownFileType = sourcecode.swift; path = ShotLiveActivity.swift; sourceTree = "<group>"; };
		8C12D88D74CA0B1E0086FA54 /* AppGroupStoreTests.swift */ = {isa = PBXFileReference; includeInIndex = 1; lastKnownFileType = sourcecode.swift; path = AppGroupStoreTests.swift; sourceTree = "<group>"; };
		8D9002DEDBB5C5EDE9E11D01 /* MeticWidgetsBundle.swift */ = {isa = PBXFileReference; includeInIndex = 1; lastKnownFileType = sourcecode.swift; path = MeticWidgetsBundle.swift; sourceTree = "<group>"; };
		8E4546CA7AA0E6E376F4C4A6 /* StartShotIntent.swift */ = {isa = PBXFileReference; includeInIndex = 1; lastKnownFileType = sourcecode.swift; path = StartShotIntent.swift; sourceTree = "<group>"; };
		958DCC722DB07C7200EA8C5F /* debug.xcconfig */ = {isa = PBXFileReference; lastKnownFileType = text.xcconfig; name = debug.xcconfig; path = ../debug.xcconfig; sourceTree = SOURCE_ROOT; };
		9E222C4A3009E322009A1738 /* ShareExtension.appex */ = {isa = PBXFileReference; explicitFileType = "wrapper.app-extension"; includeInIndex = 0; path = ShareExtension.appex; sourceTree = BUILT_PRODUCTS_DIR; };
		9E90915895B55F6358F61E0C /* StartProfileIntent.swift */ = {isa = PBXFileReference; includeInIndex = 1; lastKnownFileType = sourcecode.swift; path = StartProfileIntent.swift; sourceTree = "<group>"; };
		A2A094DF44F18C8DE4DEF9A6 /* MachineClient.swift */ = {isa = PBXFileReference; includeInIndex = 1; lastKnownFileType = sourcecode.swift; path = MachineClient.swift; sourceTree = "<group>"; };
		A56628205E717B6AFEA905B3 /* MeticWidgetsTests.xctest */ = {isa = PBXFileReference; explicitFileType = wrapper.cfbundle; includeInIndex = 0; path = MeticWidgetsTests.xctest; sourceTree = BUILT_PRODUCTS_DIR; };
		AE6E3C4B1E108ACC057FB819 /* ShotGraphBufferTests.swift */ = {isa = PBXFileReference; includeInIndex = 1; lastKnownFileType = sourcecode.swift; path = ShotGraphBufferTests.swift; sourceTree = "<group>"; };
		B3F3395C02F8FC13BD3CA6B3 /* FavouriteProfilesWidget.swift */ = {isa = PBXFileReference; includeInIndex = 1; lastKnownFileType = sourcecode.swift; path = FavouriteProfilesWidget.swift; sourceTree = "<group>"; };
		B58ED938C16A4703AD994F0B /* WidgetBridgePlugin.swift */ = {isa = PBXFileReference; includeInIndex = 1; lastKnownFileType = sourcecode.swift; path = WidgetBridgePlugin.swift; sourceTree = "<group>"; };
		BC9D1511714709CEC5978A1A /* ShotActivityController.swift */ = {isa = PBXFileReference; includeInIndex = 1; lastKnownFileType = sourcecode.swift; path = ShotActivityController.swift; sourceTree = "<group>"; };
		BDB223470DA26D46A4750E8F /* Info.plist */ = {isa = PBXFileReference; includeInIndex = 1; lastKnownFileType = text.plist.xml; path = Info.plist; sourceTree = "<group>"; };
		BE3F46964C8408DFA12F8C42 /* ShotActivityAttributes.swift */ = {isa = PBXFileReference; includeInIndex = 1; lastKnownFileType = sourcecode.swift; path = ShotActivityAttributes.swift; sourceTree = "<group>"; };
		C6EDF8C30FE3910E7C2D0D58 /* SocketIOStatusReader.swift */ = {isa = PBXFileReference; includeInIndex = 1; lastKnownFileType = sourcecode.swift; path = SocketIOStatusReader.swift; sourceTree = "<group>"; };
		D5F3A39401819A1DBCA197AF /* ShotDynamicIsland.swift */ = {isa = PBXFileReference; includeInIndex = 1; lastKnownFileType = sourcecode.swift; path = ShotDynamicIsland.swift; sourceTree = "<group>"; };
		DDBB498CAAA26EB7EF8CB0DE /* AppGroup.swift */ = {isa = PBXFileReference; includeInIndex = 1; lastKnownFileType = sourcecode.swift; path = AppGroup.swift; sourceTree = "<group>"; };
		E24588123C419E4F20CABF95 /* ShotContentMapperTests.swift */ = {isa = PBXFileReference; includeInIndex = 1; lastKnownFileType = sourcecode.swift; path = ShotContentMapperTests.swift; sourceTree = "<group>"; };
		E80FD34DC498D748822CFC10 /* ShotGlanceable.swift */ = {isa = PBXFileReference; includeInIndex = 1; lastKnownFileType = sourcecode.swift; path = ShotGlanceable.swift; sourceTree = "<group>"; };
		F022BB0FF7FC634C03D214B7 /* ControlIntents.swift */ = {isa = PBXFileReference; includeInIndex = 1; lastKnownFileType = sourcecode.swift; path = ControlIntents.swift; sourceTree = "<group>"; };
		F4A4AFA91960E11D6B7ADC21 /* ShotStreamer.swift */ = {isa = PBXFileReference; includeInIndex = 1; lastKnownFileType = sourcecode.swift; path = ShotStreamer.swift; sourceTree = "<group>"; };
		FA6E72224DAC431BC2A03E2D /* MeticWidgets.entitlements */ = {isa = PBXFileReference; includeInIndex = 1; lastKnownFileType = text.plist.entitlements; path = MeticWidgets.entitlements; sourceTree = "<group>"; };
/* End PBXFileReference section */

/* Begin PBXFileSystemSynchronizedBuildFileExceptionSet section */
		9E222C583009E322009A1738 /* Exceptions for "ShareExtension" folder in "ShareExtension" target */ = {
			isa = PBXFileSystemSynchronizedBuildFileExceptionSet;
			membershipExceptions = (
				Info.plist,
			);
			target = 9E222C493009E322009A1738 /* ShareExtension */;
		};
/* End PBXFileSystemSynchronizedBuildFileExceptionSet section */

/* Begin PBXFileSystemSynchronizedRootGroup section */
		9E222C4B3009E322009A1738 /* ShareExtension */ = {
			isa = PBXFileSystemSynchronizedRootGroup;
			exceptions = (
				9E222C583009E322009A1738 /* Exceptions for "ShareExtension" folder in "ShareExtension" target */,
			);
			explicitFileTypes = {
			};
			explicitFolders = (
			);
			path = ShareExtension;
			sourceTree = "<group>";
		};
/* End PBXFileSystemSynchronizedRootGroup section */

/* Begin PBXFrameworksBuildPhase section */
		504EC3011FED79650016851F /* Frameworks */ = {
			isa = PBXFrameworksBuildPhase;
			buildActionMask = 2147483647;
			files = (
				4D22ABE92AF431CB00220026 /* CapApp-SPM in Frameworks */,
			);
			runOnlyForDeploymentPostprocessing = 0;
		};
		6C570EAA788503C8F70A6AA0 /* Frameworks */ = {
			isa = PBXFrameworksBuildPhase;
			buildActionMask = 2147483647;
			files = (
				C8D5562BF1D9944C0D50E616 /* Foundation.framework in Frameworks */,
			);
			runOnlyForDeploymentPostprocessing = 0;
		};
		9E222C473009E322009A1738 /* Frameworks */ = {
			isa = PBXFrameworksBuildPhase;
			buildActionMask = 2147483647;
			files = (
			);
			runOnlyForDeploymentPostprocessing = 0;
		};
		EAF31CCFB2542347B61BC0ED /* Frameworks */ = {
			isa = PBXFrameworksBuildPhase;
			buildActionMask = 2147483647;
			files = (
				FC10AB353E36C04B1217772D /* Foundation.framework in Frameworks */,
			);
			runOnlyForDeploymentPostprocessing = 0;
		};
/* End PBXFrameworksBuildPhase section */

/* Begin PBXGroup section */
		220E6FA6ADF710020F3A237F /* Intents */ = {
			isa = PBXGroup;
			children = (
				F022BB0FF7FC634C03D214B7 /* ControlIntents.swift */,
				9E90915895B55F6358F61E0C /* StartProfileIntent.swift */,
				8E4546CA7AA0E6E376F4C4A6 /* StartShotIntent.swift */,
			);
			path = Intents;
			sourceTree = "<group>";
		};
		370DDA83C69706F958B66ECA /* MeticWidgetsTests */ = {
			isa = PBXGroup;
			children = (
				8C12D88D74CA0B1E0086FA54 /* AppGroupStoreTests.swift */,
				59C3ACB4200397393E8FEF69 /* MachineClientTests.swift */,
				E24588123C419E4F20CABF95 /* ShotContentMapperTests.swift */,
				AE6E3C4B1E108ACC057FB819 /* ShotGraphBufferTests.swift */,
				3AEC17A099323A471C131E0B /* ShotGlanceableTests.swift */,
				7C1763E1B60560CE2E0EE640 /* ShotStreamerTests.swift */,
			);
			path = MeticWidgetsTests;
			sourceTree = "<group>";
		};
		504EC2FB1FED79650016851F = {
			isa = PBXGroup;
			children = (
				958DCC722DB07C7200EA8C5F /* debug.xcconfig */,
				504EC3061FED79650016851F /* App */,
				9E222C4B3009E322009A1738 /* ShareExtension */,
				504EC3051FED79650016851F /* Products */,
				AF2A3667608691E2C223FD06 /* MeticKit */,
				C0C9C874895CF26505DC8C68 /* MeticWidgets */,
				370DDA83C69706F958B66ECA /* MeticWidgetsTests */,
				F62627D745E524C722B967B0 /* Frameworks */,
			);
			sourceTree = "<group>";
		};
		504EC3051FED79650016851F /* Products */ = {
			isa = PBXGroup;
			children = (
				504EC3041FED79650016851F /* Metic.app */,
				9E222C4A3009E322009A1738 /* ShareExtension.appex */,
				65D946B06CB363F431631450 /* MeticWidgets.appex */,
				A56628205E717B6AFEA905B3 /* MeticWidgetsTests.xctest */,
			);
			name = Products;
			sourceTree = "<group>";
		};
		504EC3061FED79650016851F /* App */ = {
			isa = PBXGroup;
			children = (
				50379B222058CBB4000EE86E /* capacitor.config.json */,
				504EC3071FED79650016851F /* AppDelegate.swift */,
				504ED0002C0000000016851F /* MeticulousDiscoveryPlugin.swift */,
				504ED0022C0000000016851F /* MeticulousViewController.swift */,
				504EC30B1FED79650016851F /* Main.storyboard */,
				504EC30E1FED79650016851F /* Assets.xcassets */,
				504EC3101FED79650016851F /* LaunchScreen.storyboard */,
				504EC3131FED79650016851F /* Info.plist */,
				2FAD9762203C412B000D30F8 /* config.xml */,
				50B271D01FEDC1A000F3C39B /* public */,
				B58ED938C16A4703AD994F0B /* WidgetBridgePlugin.swift */,
				BC9D1511714709CEC5978A1A /* ShotActivityController.swift */,
				6584A231A09DD35B0DEB8E9F /* LiveActivityPlugin.swift */,
			);
			path = App;
			sourceTree = "<group>";
		};
		A0DE1AC7831C0C472A2EF23A /* iOS */ = {
			isa = PBXGroup;
			children = (
				540C6065DA8AAD71A4478B0D /* Foundation.framework */,
			);
			name = iOS;
			sourceTree = "<group>";
		};
		AF2A3667608691E2C223FD06 /* MeticKit */ = {
			isa = PBXGroup;
			children = (
				DDBB498CAAA26EB7EF8CB0DE /* AppGroup.swift */,
				A2A094DF44F18C8DE4DEF9A6 /* MachineClient.swift */,
				7774BC9E16930145EAD6BEE2 /* Models.swift */,
				C6EDF8C30FE3910E7C2D0D58 /* SocketIOStatusReader.swift */,
				BE3F46964C8408DFA12F8C42 /* ShotActivityAttributes.swift */,
				666EDE04426FCCA3D9BB5BA5 /* ShotContentMapper.swift */,
				0E2F64F1D8D8AA67BC42E0D4 /* ShotGraphBuffer.swift */,
				E80FD34DC498D748822CFC10 /* ShotGlanceable.swift */,
				F4A4AFA91960E11D6B7ADC21 /* ShotStreamer.swift */,
			);
			path = MeticKit;
			sourceTree = "<group>";
		};
		C0C9C874895CF26505DC8C68 /* MeticWidgets */ = {
			isa = PBXGroup;
			children = (
				220E6FA6ADF710020F3A237F /* Intents */,
				1F200D3B013C5266601DC206 /* ControlCenterWidget.swift */,
				B3F3395C02F8FC13BD3CA6B3 /* FavouriteProfilesWidget.swift */,
				8D9002DEDBB5C5EDE9E11D01 /* MeticWidgetsBundle.swift */,
				2E9DDC937E6A2575325A680E /* WidgetSupport.swift */,
				BDB223470DA26D46A4750E8F /* Info.plist */,
				FA6E72224DAC431BC2A03E2D /* MeticWidgets.entitlements */,
				5DB98958FAB39748EF18BB70 /* HeroWidgets.swift */,
				8564FF9F3B33655CC6BF4128 /* ShotLiveActivity.swift */,
				D5F3A39401819A1DBCA197AF /* ShotDynamicIsland.swift */,
			);
			path = MeticWidgets;
			sourceTree = "<group>";
		};
		F62627D745E524C722B967B0 /* Frameworks */ = {
			isa = PBXGroup;
			children = (
				A0DE1AC7831C0C472A2EF23A /* iOS */,
			);
			name = Frameworks;
			sourceTree = "<group>";
		};
/* End PBXGroup section */

/* Begin PBXNativeTarget section */
		504EC3031FED79650016851F /* Metic */ = {
			isa = PBXNativeTarget;
			buildConfigurationList = 504EC3161FED79650016851F /* Build configuration list for PBXNativeTarget "Metic" */;
			buildPhases = (
				504EC3001FED79650016851F /* Sources */,
				504EC3011FED79650016851F /* Frameworks */,
				504EC3021FED79650016851F /* Resources */,
				9E222C553009E322009A1738 /* Embed Foundation Extensions */,
				D50EDE0000000000DE5C0001 /* Generate framework dSYMs */,
			);
			buildRules = (
			);
			dependencies = (
				9E222C533009E322009A1738 /* PBXTargetDependency */,
				A0FD2BE06F06169EC41ED339 /* PBXTargetDependency */,
			);
			name = Metic;
			packageProductDependencies = (
				4D22ABE82AF431CB00220026 /* CapApp-SPM */,
			);
			productName = Metic;
			productReference = 504EC3041FED79650016851F /* Metic.app */;
			productType = "com.apple.product-type.application";
		};
		8F4587A3B620D2835966403D /* MeticWidgetsTests */ = {
			isa = PBXNativeTarget;
			buildConfigurationList = 787F6A2806AC0F5953A3F938 /* Build configuration list for PBXNativeTarget "MeticWidgetsTests" */;
			buildPhases = (
				E24205CBD5E11F21CAFB04BC /* Sources */,
				EAF31CCFB2542347B61BC0ED /* Frameworks */,
				31E89512D43C150204C5D4E1 /* Resources */,
			);
			buildRules = (
			);
			dependencies = (
			);
			name = MeticWidgetsTests;
			productName = MeticWidgetsTests;
			productReference = A56628205E717B6AFEA905B3 /* MeticWidgetsTests.xctest */;
			productType = "com.apple.product-type.bundle.unit-test";
		};
		9E222C493009E322009A1738 /* ShareExtension */ = {
			isa = PBXNativeTarget;
			buildConfigurationList = 9E222C593009E322009A1738 /* Build configuration list for PBXNativeTarget "ShareExtension" */;
			buildPhases = (
				9E222C463009E322009A1738 /* Sources */,
				9E222C473009E322009A1738 /* Frameworks */,
				9E222C483009E322009A1738 /* Resources */,
			);
			buildRules = (
			);
			dependencies = (
			);
			fileSystemSynchronizedGroups = (
				9E222C4B3009E322009A1738 /* ShareExtension */,
			);
			name = ShareExtension;
			productName = ShareExtension;
			productReference = 9E222C4A3009E322009A1738 /* ShareExtension.appex */;
			productType = "com.apple.product-type.app-extension";
		};
		C33B0A48B731A488B170606A /* MeticWidgets */ = {
			isa = PBXNativeTarget;
			buildConfigurationList = F3B3F40FA63C4448B92F578A /* Build configuration list for PBXNativeTarget "MeticWidgets" */;
			buildPhases = (
				71CFF24E830D33E8EEABA188 /* Sources */,
				6C570EAA788503C8F70A6AA0 /* Frameworks */,
				29C85BBCAA5440EBFCE2A9DF /* Resources */,
			);
			buildRules = (
			);
			dependencies = (
			);
			name = MeticWidgets;
			productName = MeticWidgets;
			productReference = 65D946B06CB363F431631450 /* MeticWidgets.appex */;
			productType = "com.apple.product-type.app-extension";
		};
/* End PBXNativeTarget section */

/* Begin PBXProject section */
		504EC2FC1FED79650016851F /* Project object */ = {
			isa = PBXProject;
			attributes = {
				BuildIndependentTargetsInParallel = YES;
				LastSwiftUpdateCheck = 2660;
				LastUpgradeCheck = 2640;
				TargetAttributes = {
					504EC3031FED79650016851F = {
						CreatedOnToolsVersion = 9.2;
						LastSwiftMigration = 1100;
						ProvisioningStyle = Automatic;
					};
					9E222C493009E322009A1738 = {
						CreatedOnToolsVersion = 26.6;
					};
				};
			};
			buildConfigurationList = 504EC2FF1FED79650016851F /* Build configuration list for PBXProject "App" */;
			compatibilityVersion = "Xcode 8.0";
			developmentRegion = en;
			hasScannedForEncodings = 0;
			knownRegions = (
				en,
				Base,
			);
			mainGroup = 504EC2FB1FED79650016851F;
			packageReferences = (
				D4C12C0A2AAA248700AAC8A2 /* XCLocalSwiftPackageReference "CapApp-SPM" */,
			);
			productRefGroup = 504EC3051FED79650016851F /* Products */;
			projectDirPath = "";
			projectRoot = "";
			targets = (
				504EC3031FED79650016851F /* Metic */,
				9E222C493009E322009A1738 /* ShareExtension */,
				C33B0A48B731A488B170606A /* MeticWidgets */,
				8F4587A3B620D2835966403D /* MeticWidgetsTests */,
			);
		};
/* End PBXProject section */

/* Begin PBXResourcesBuildPhase section */
		29C85BBCAA5440EBFCE2A9DF /* Resources */ = {
			isa = PBXResourcesBuildPhase;
			buildActionMask = 2147483647;
			files = (
			);
			runOnlyForDeploymentPostprocessing = 0;
		};
		31E89512D43C150204C5D4E1 /* Resources */ = {
			isa = PBXResourcesBuildPhase;
			buildActionMask = 2147483647;
			files = (
			);
			runOnlyForDeploymentPostprocessing = 0;
		};
		504EC3021FED79650016851F /* Resources */ = {
			isa = PBXResourcesBuildPhase;
			buildActionMask = 2147483647;
			files = (
				504EC3121FED79650016851F /* LaunchScreen.storyboard in Resources */,
				50B271D11FEDC1A000F3C39B /* public in Resources */,
				504EC30F1FED79650016851F /* Assets.xcassets in Resources */,
				50379B232058CBB4000EE86E /* capacitor.config.json in Resources */,
				504EC30D1FED79650016851F /* Main.storyboard in Resources */,
				2FAD9763203C412B000D30F8 /* config.xml in Resources */,
			);
			runOnlyForDeploymentPostprocessing = 0;
		};
		9E222C483009E322009A1738 /* Resources */ = {
			isa = PBXResourcesBuildPhase;
			buildActionMask = 2147483647;
			files = (
			);
			runOnlyForDeploymentPostprocessing = 0;
		};
/* End PBXResourcesBuildPhase section */

/* Begin PBXShellScriptBuildPhase section */
		D50EDE0000000000DE5C0001 /* Generate framework dSYMs */ = {
			isa = PBXShellScriptBuildPhase;
			alwaysOutOfDate = 1;
			buildActionMask = 2147483647;
			files = (
			);
			inputFileListPaths = (
			);
			inputPaths = (
			);
			name = "Generate framework dSYMs";
			outputFileListPaths = (
			);
			outputPaths = (
			);
			runOnlyForDeploymentPostprocessing = 0;
			shellPath = /bin/sh;
			shellScript = "# Auto-generated by patch-capacitor-spm.sh: synthesize dSYMs for prebuilt\n# dynamic frameworks (e.g. CLiteRTLM) so App Store upload validation passes.\nset -u\nif [ \"${DEBUG_INFORMATION_FORMAT:-}\" != \"dwarf-with-dsym\" ]; then exit 0; fi\n[ -n \"${DWARF_DSYM_FOLDER_PATH:-}\" ] || exit 0\nmkdir -p \"$DWARF_DSYM_FOLDER_PATH\"\ngen_dsym() {\n  BIN=\"$1\"; NAME=\"$2\"\n  [ -f \"$BIN\" ] || return 0\n  file -b \"$BIN\" | grep -q \"dynamically linked shared library\" || return 0\n  DSYM=\"$DWARF_DSYM_FOLDER_PATH/$NAME.framework.dSYM\"\n  [ -e \"$DSYM\" ] && return 0\n  echo \"note: generating missing dSYM for $NAME.framework\"\n  xcrun dsymutil \"$BIN\" -o \"$DSYM\" || true\n}\n# 1) Frameworks already embedded in the .app bundle (CocoaPods-style embeds).\nFW_DIR=\"${TARGET_BUILD_DIR:-}/${FRAMEWORKS_FOLDER_PATH:-}\"\nif [ -d \"$FW_DIR\" ]; then\n  for FW in \"$FW_DIR\"/*.framework; do\n    [ -d \"$FW\" ] || continue\n    NAME=$(basename \"$FW\" .framework)\n    gen_dsym \"$FW/$NAME\" \"$NAME\"\n  done\nfi\n# 2) SPM binaryTarget xcframeworks (e.g. CLiteRTLM) are embedded AFTER this\n#    phase, so scan the always-present SourcePackages artifacts and use the\n#    device (non-simulator) slice. The embedded copy keeps the same LC_UUID.\nARTIFACTS=\"\"\nfor ANCHOR in \"${BUILD_DIR:-}\" \"${BUILT_PRODUCTS_DIR:-}\" \"${SYMROOT:-}\" \"${OBJROOT:-}\"; do\n  [ -n \"$ANCHOR\" ] || continue\n  ROOT=\"${ANCHOR%%/Build/*}\"\n  if [ -d \"$ROOT/SourcePackages/artifacts\" ]; then ARTIFACTS=\"$ROOT/SourcePackages/artifacts\"; break; fi\ndone\nif [ -n \"$ARTIFACTS\" ]; then\n  find \"$ARTIFACTS\" -type d -name \"*.xcframework\" | while IFS= read -r XCF; do\n    for SLICE in \"$XCF\"/ios-arm64 \"$XCF\"/ios-arm64_*; do\n      case \"$SLICE\" in *simulator*) continue ;; esac\n      [ -d \"$SLICE\" ] || continue\n      for FW in \"$SLICE\"/*.framework; do\n        [ -d \"$FW\" ] || continue\n        NAME=$(basename \"$FW\" .framework)\n        gen_dsym \"$FW/$NAME\" \"$NAME\"\n      done\n    done\n  done\nfi\n";
		};
/* End PBXShellScriptBuildPhase section */

/* Begin PBXSourcesBuildPhase section */
		504EC3001FED79650016851F /* Sources */ = {
			isa = PBXSourcesBuildPhase;
			buildActionMask = 2147483647;
			files = (
				504EC3081FED79650016851F /* AppDelegate.swift in Sources */,
				504ED0012C0000000016851F /* MeticulousDiscoveryPlugin.swift in Sources */,
				504ED0032C0000000016851F /* MeticulousViewController.swift in Sources */,
				783A4DD39BBD428FEDC16DB6 /* WidgetBridgePlugin.swift in Sources */,
				E64D6B91A1F81257F95C7BA7 /* ShotActivityAttributes.swift in Sources */,
				FA3030CF41A84231A94CD2C1 /* ShotContentMapper.swift in Sources */,
				8B8303C832067999C06C7072 /* Models.swift in Sources */,
				0FDD8F08EBB0643DF10384B7 /* ShotGraphBuffer.swift in Sources */,
				5F08916E83D38CFF3F30660A /* ShotGlanceable.swift in Sources */,
				65D70819BDC96E205C5AD6EE /* ShotStreamer.swift in Sources */,
				521479CA40C31B3033FCB0A4 /* ShotActivityController.swift in Sources */,
				4C4A2FEC8DFCF6B26F6275E5 /* AppGroup.swift in Sources */,
				3636A7C37BF534DB9994AF34 /* LiveActivityPlugin.swift in Sources */,
			);
			runOnlyForDeploymentPostprocessing = 0;
		};
		71CFF24E830D33E8EEABA188 /* Sources */ = {
			isa = PBXSourcesBuildPhase;
			buildActionMask = 2147483647;
			files = (
				BBB95C68BF0F1BA63FA2F351 /* AppGroup.swift in Sources */,
				D6F22B46082F74D44E7BE98D /* MachineClient.swift in Sources */,
				76A539D2BA76FFB6D5F8C9FD /* Models.swift in Sources */,
				6C08FD92D20CD5E30154BFBE /* SocketIOStatusReader.swift in Sources */,
				4045D280FC6E252252B7B9BA /* ControlCenterWidget.swift in Sources */,
				036064346DF6C3F5A5EB73B9 /* FavouriteProfilesWidget.swift in Sources */,
				17AAABDE269198C9EC0B0561 /* MeticWidgetsBundle.swift in Sources */,
				796C6014B15243111FE568AA /* WidgetSupport.swift in Sources */,
				2293E69E244EE3D32F2E02E8 /* ControlIntents.swift in Sources */,
				84339E407D2F51CE255759C5 /* StartProfileIntent.swift in Sources */,
				C598517EFF03BF0763C589DF /* HeroWidgets.swift in Sources */,
				98C315FF459F8E85A3AB4020 /* ShotActivityAttributes.swift in Sources */,
				09598367A0C0F86F7E490825 /* ShotContentMapper.swift in Sources */,
				2B601A498CC824426923F37A /* ShotGraphBuffer.swift in Sources */,
				56CE82BEC4AD0258C52AD0D7 /* ShotGlanceable.swift in Sources */,
				A4D05594401E7A5FECC5DCF5 /* ShotStreamer.swift in Sources */,
				4574AD9D26DC60A3D05ED22A /* StartShotIntent.swift in Sources */,
				7DC16F11E75F04BA919F2A75 /* ShotLiveActivity.swift in Sources */,
				80FD3D12BAF1DE4314C52941 /* ShotDynamicIsland.swift in Sources */,
			);
			runOnlyForDeploymentPostprocessing = 0;
		};
		9E222C463009E322009A1738 /* Sources */ = {
			isa = PBXSourcesBuildPhase;
			buildActionMask = 2147483647;
			files = (
			);
			runOnlyForDeploymentPostprocessing = 0;
		};
		E24205CBD5E11F21CAFB04BC /* Sources */ = {
			isa = PBXSourcesBuildPhase;
			buildActionMask = 2147483647;
			files = (
				1FDC454A924855BC797F55C4 /* AppGroup.swift in Sources */,
				6869E828D35C6DB29A4B9E1C /* MachineClient.swift in Sources */,
				F4FE02EF844F8BE14A4582D7 /* Models.swift in Sources */,
				6BF3E75A13ECDFFD53CA0859 /* SocketIOStatusReader.swift in Sources */,
				B00E51FAE7D40B45484ED159 /* AppGroupStoreTests.swift in Sources */,
				3E71555296CB72726A2D9284 /* MachineClientTests.swift in Sources */,
				67C760925EE76C9C5BCB613B /* ShotActivityAttributes.swift in Sources */,
				55D7ED31487EB217B58FA202 /* ShotContentMapperTests.swift in Sources */,
				DCB55EE4CB324A263689051A /* ShotContentMapper.swift in Sources */,
				226A9C18E8CAAD6AEBBB2810 /* ShotGraphBufferTests.swift in Sources */,
				A5598D2D64C62733FAEAC379 /* ShotGraphBuffer.swift in Sources */,
				229B7B2E2B0562147CB399FD /* ShotGlanceableTests.swift in Sources */,
				2207F6E137EA339FD2C09930 /* ShotGlanceable.swift in Sources */,
				E47C739E30FBD4A4376B9673 /* ShotStreamerTests.swift in Sources */,
				81A5E43DD2FBFD210D2BD9E9 /* ShotStreamer.swift in Sources */,
			);
			runOnlyForDeploymentPostprocessing = 0;
		};
/* End PBXSourcesBuildPhase section */

/* Begin PBXTargetDependency section */
		9E222C533009E322009A1738 /* PBXTargetDependency */ = {
			isa = PBXTargetDependency;
			target = 9E222C493009E322009A1738 /* ShareExtension */;
			targetProxy = 9E222C523009E322009A1738 /* PBXContainerItemProxy */;
		};
		A0FD2BE06F06169EC41ED339 /* PBXTargetDependency */ = {
			isa = PBXTargetDependency;
			name = MeticWidgets;
			target = C33B0A48B731A488B170606A /* MeticWidgets */;
			targetProxy = D69DC2C7EE72FBF28C5914D7 /* PBXContainerItemProxy */;
		};
/* End PBXTargetDependency section */

/* Begin PBXVariantGroup section */
		504EC30B1FED79650016851F /* Main.storyboard */ = {
			isa = PBXVariantGroup;
			children = (
				504EC30C1FED79650016851F /* Base */,
			);
			name = Main.storyboard;
			sourceTree = "<group>";
		};
		504EC3101FED79650016851F /* LaunchScreen.storyboard */ = {
			isa = PBXVariantGroup;
			children = (
				504EC3111FED79650016851F /* Base */,
			);
			name = LaunchScreen.storyboard;
			sourceTree = "<group>";
		};
/* End PBXVariantGroup section */

/* Begin XCBuildConfiguration section */
		4852C8576E307527558E7CE9 /* Debug */ = {
			isa = XCBuildConfiguration;
			buildSettings = {
				CLANG_ENABLE_OBJC_WEAK = NO;
				CODE_SIGN_STYLE = Automatic;
				DEVELOPMENT_TEAM = A5J788W4Q9;
				GENERATE_INFOPLIST_FILE = YES;
				IPHONEOS_DEPLOYMENT_TARGET = 17.0;
				PRODUCT_BUNDLE_IDENTIFIER = com.metic.app.MeticWidgetsTests;
				PRODUCT_NAME = "$(TARGET_NAME)";
				SDKROOT = iphoneos;
				SWIFT_VERSION = 5.0;
			};
			name = Debug;
		};
		4AE4C8F188E3F357F9F8A44E /* Debug */ = {
			isa = XCBuildConfiguration;
			buildSettings = {
				ASSETCATALOG_COMPILER_GLOBAL_ACCENT_COLOR_NAME = AccentColor;
				CLANG_ENABLE_OBJC_WEAK = NO;
				CODE_SIGN_ENTITLEMENTS = MeticWidgets/MeticWidgets.entitlements;
				CODE_SIGN_STYLE = Automatic;
				CURRENT_PROJECT_VERSION = 1;
				DEVELOPMENT_TEAM = A5J788W4Q9;
				GENERATE_INFOPLIST_FILE = NO;
				INFOPLIST_FILE = MeticWidgets/Info.plist;
				IPHONEOS_DEPLOYMENT_TARGET = 17.0;
				LD_RUNPATH_SEARCH_PATHS = (
					"$(inherited)",
					"@executable_path/Frameworks",
					"@executable_path/../../Frameworks",
				);
				MARKETING_VERSION = 3.0.0;
				PRODUCT_BUNDLE_IDENTIFIER = com.metic.app.MeticWidgets;
				PRODUCT_NAME = "$(TARGET_NAME)";
				SDKROOT = iphoneos;
				SKIP_INSTALL = YES;
				SWIFT_VERSION = 5.0;
				TARGETED_DEVICE_FAMILY = "1,2";
			};
			name = Debug;
		};
		504EC3141FED79650016851F /* Debug */ = {
			isa = XCBuildConfiguration;
			baseConfigurationReference = 958DCC722DB07C7200EA8C5F /* debug.xcconfig */;
			buildSettings = {
				ALWAYS_SEARCH_USER_PATHS = NO;
				ASSETCATALOG_COMPILER_GENERATE_SWIFT_ASSET_SYMBOL_EXTENSIONS = YES;
				CLANG_ANALYZER_NONNULL = YES;
				CLANG_ANALYZER_NUMBER_OBJECT_CONVERSION = YES_AGGRESSIVE;
				CLANG_CXX_LANGUAGE_STANDARD = "gnu++14";
				CLANG_CXX_LIBRARY = "libc++";
				CLANG_ENABLE_MODULES = YES;
				CLANG_ENABLE_OBJC_ARC = YES;
				CLANG_WARN_BLOCK_CAPTURE_AUTORELEASING = YES;
				CLANG_WARN_BOOL_CONVERSION = YES;
				CLANG_WARN_COMMA = YES;
				CLANG_WARN_CONSTANT_CONVERSION = YES;
				CLANG_WARN_DEPRECATED_OBJC_IMPLEMENTATIONS = YES;
				CLANG_WARN_DIRECT_OBJC_ISA_USAGE = YES_ERROR;
				CLANG_WARN_DOCUMENTATION_COMMENTS = YES;
				CLANG_WARN_EMPTY_BODY = YES;
				CLANG_WARN_ENUM_CONVERSION = YES;
				CLANG_WARN_INFINITE_RECURSION = YES;
				CLANG_WARN_INT_CONVERSION = YES;
				CLANG_WARN_NON_LITERAL_NULL_CONVERSION = YES;
				CLANG_WARN_OBJC_IMPLICIT_RETAIN_SELF = YES;
				CLANG_WARN_OBJC_LITERAL_CONVERSION = YES;
				CLANG_WARN_OBJC_ROOT_CLASS = YES_ERROR;
				CLANG_WARN_QUOTED_INCLUDE_IN_FRAMEWORK_HEADER = YES;
				CLANG_WARN_RANGE_LOOP_ANALYSIS = YES;
				CLANG_WARN_STRICT_PROTOTYPES = YES;
				CLANG_WARN_SUSPICIOUS_MOVE = YES;
				CLANG_WARN_UNGUARDED_AVAILABILITY = YES_AGGRESSIVE;
				CLANG_WARN_UNREACHABLE_CODE = YES;
				CLANG_WARN__DUPLICATE_METHOD_MATCH = YES;
				CODE_SIGN_IDENTITY = "iPhone Developer";
				COPY_PHASE_STRIP = NO;
				DEBUG_INFORMATION_FORMAT = dwarf;
				DEVELOPMENT_TEAM = A5J788W4Q9;
				ENABLE_STRICT_OBJC_MSGSEND = YES;
				ENABLE_TESTABILITY = YES;
				ENABLE_USER_SCRIPT_SANDBOXING = NO;
				GCC_C_LANGUAGE_STANDARD = gnu11;
				GCC_DYNAMIC_NO_PIC = NO;
				GCC_NO_COMMON_BLOCKS = YES;
				GCC_OPTIMIZATION_LEVEL = 0;
				GCC_PREPROCESSOR_DEFINITIONS = (
					"DEBUG=1",
					"$(inherited)",
				);
				GCC_WARN_64_TO_32_BIT_CONVERSION = YES;
				GCC_WARN_ABOUT_RETURN_TYPE = YES_ERROR;
				GCC_WARN_UNDECLARED_SELECTOR = YES;
				GCC_WARN_UNINITIALIZED_AUTOS = YES_AGGRESSIVE;
				GCC_WARN_UNUSED_FUNCTION = YES;
				GCC_WARN_UNUSED_VARIABLE = YES;
				IPHONEOS_DEPLOYMENT_TARGET = 15.0;
				MTL_ENABLE_DEBUG_INFO = YES;
				ONLY_ACTIVE_ARCH = YES;
				PRODUCT_NAME = Metic;
				SDKROOT = iphoneos;
				STRING_CATALOG_GENERATE_SYMBOLS = YES;
				SWIFT_ACTIVE_COMPILATION_CONDITIONS = DEBUG;
				SWIFT_OPTIMIZATION_LEVEL = "-Onone";
			};
			name = Debug;
		};
		504EC3151FED79650016851F /* Release */ = {
			isa = XCBuildConfiguration;
			buildSettings = {
				ALWAYS_SEARCH_USER_PATHS = NO;
				ASSETCATALOG_COMPILER_GENERATE_SWIFT_ASSET_SYMBOL_EXTENSIONS = YES;
				CLANG_ANALYZER_NONNULL = YES;
				CLANG_ANALYZER_NUMBER_OBJECT_CONVERSION = YES_AGGRESSIVE;
				CLANG_CXX_LANGUAGE_STANDARD = "gnu++14";
				CLANG_CXX_LIBRARY = "libc++";
				CLANG_ENABLE_MODULES = YES;
				CLANG_ENABLE_OBJC_ARC = YES;
				CLANG_WARN_BLOCK_CAPTURE_AUTORELEASING = YES;
				CLANG_WARN_BOOL_CONVERSION = YES;
				CLANG_WARN_COMMA = YES;
				CLANG_WARN_CONSTANT_CONVERSION = YES;
				CLANG_WARN_DEPRECATED_OBJC_IMPLEMENTATIONS = YES;
				CLANG_WARN_DIRECT_OBJC_ISA_USAGE = YES_ERROR;
				CLANG_WARN_DOCUMENTATION_COMMENTS = YES;
				CLANG_WARN_EMPTY_BODY = YES;
				CLANG_WARN_ENUM_CONVERSION = YES;
				CLANG_WARN_INFINITE_RECURSION = YES;
				CLANG_WARN_INT_CONVERSION = YES;
				CLANG_WARN_NON_LITERAL_NULL_CONVERSION = YES;
				CLANG_WARN_OBJC_IMPLICIT_RETAIN_SELF = YES;
				CLANG_WARN_OBJC_LITERAL_CONVERSION = YES;
				CLANG_WARN_OBJC_ROOT_CLASS = YES_ERROR;
				CLANG_WARN_QUOTED_INCLUDE_IN_FRAMEWORK_HEADER = YES;
				CLANG_WARN_RANGE_LOOP_ANALYSIS = YES;
				CLANG_WARN_STRICT_PROTOTYPES = YES;
				CLANG_WARN_SUSPICIOUS_MOVE = YES;
				CLANG_WARN_UNGUARDED_AVAILABILITY = YES_AGGRESSIVE;
				CLANG_WARN_UNREACHABLE_CODE = YES;
				CLANG_WARN__DUPLICATE_METHOD_MATCH = YES;
				CODE_SIGN_IDENTITY = "iPhone Developer";
				COPY_PHASE_STRIP = NO;
				DEBUG_INFORMATION_FORMAT = "dwarf-with-dsym";
				DEVELOPMENT_TEAM = A5J788W4Q9;
				ENABLE_NS_ASSERTIONS = NO;
				ENABLE_STRICT_OBJC_MSGSEND = YES;
				ENABLE_USER_SCRIPT_SANDBOXING = NO;
				GCC_C_LANGUAGE_STANDARD = gnu11;
				GCC_NO_COMMON_BLOCKS = YES;
				GCC_WARN_64_TO_32_BIT_CONVERSION = YES;
				GCC_WARN_ABOUT_RETURN_TYPE = YES_ERROR;
				GCC_WARN_UNDECLARED_SELECTOR = YES;
				GCC_WARN_UNINITIALIZED_AUTOS = YES_AGGRESSIVE;
				GCC_WARN_UNUSED_FUNCTION = YES;
				GCC_WARN_UNUSED_VARIABLE = YES;
				IPHONEOS_DEPLOYMENT_TARGET = 15.0;
				MTL_ENABLE_DEBUG_INFO = NO;
				PRODUCT_NAME = Metic;
				SDKROOT = iphoneos;
				STRING_CATALOG_GENERATE_SYMBOLS = YES;
				SWIFT_COMPILATION_MODE = wholemodule;
				SWIFT_OPTIMIZATION_LEVEL = "-O";
				VALIDATE_PRODUCT = YES;
			};
			name = Release;
		};
		504EC3171FED79650016851F /* Debug */ = {
			isa = XCBuildConfiguration;
			baseConfigurationReference = 958DCC722DB07C7200EA8C5F /* debug.xcconfig */;
			buildSettings = {
				ASSETCATALOG_COMPILER_APPICON_NAME = AppIcon;
				CODE_SIGN_ENTITLEMENTS = App/App.entitlements;
				CODE_SIGN_STYLE = Automatic;
				CURRENT_PROJECT_VERSION = 1;
				INFOPLIST_FILE = App/Info.plist;
				INFOPLIST_KEY_LSApplicationCategoryType = "public.app-category.food-and-drink";
				IPHONEOS_DEPLOYMENT_TARGET = 17.6;
				LD_RUNPATH_SEARCH_PATHS = (
					"$(inherited)",
					"@executable_path/Frameworks",
				);
				LIBRARY_SEARCH_PATHS = "$(SRCROOT)/App";
				MARKETING_VERSION = 3.0.0;
				OTHER_LDFLAGS = (
					"$(inherited)",
					"-ObjC",
				);
				OTHER_SWIFT_FLAGS = "$(inherited) \"-D\" \"COCOAPODS\" \"-DDEBUG\"";
				PRODUCT_BUNDLE_IDENTIFIER = com.metic.app;
				PRODUCT_NAME = Metic;
				SWIFT_ACTIVE_COMPILATION_CONDITIONS = DEBUG;
				SWIFT_VERSION = 5.0;
				TARGETED_DEVICE_FAMILY = "1,2";
			};
			name = Debug;
		};
		504EC3181FED79650016851F /* Release */ = {
			isa = XCBuildConfiguration;
			buildSettings = {
				ASSETCATALOG_COMPILER_APPICON_NAME = AppIcon;
				CODE_SIGN_ENTITLEMENTS = App/App.entitlements;
				CODE_SIGN_STYLE = Automatic;
				CURRENT_PROJECT_VERSION = 1;
				INFOPLIST_FILE = App/Info.plist;
				INFOPLIST_KEY_LSApplicationCategoryType = "public.app-category.food-and-drink";
				IPHONEOS_DEPLOYMENT_TARGET = 17.6;
				LD_RUNPATH_SEARCH_PATHS = (
					"$(inherited)",
					"@executable_path/Frameworks",
				);
				LIBRARY_SEARCH_PATHS = "$(SRCROOT)/App";
				MARKETING_VERSION = 3.0.0;
				OTHER_LDFLAGS = (
					"$(inherited)",
					"-ObjC",
				);
				PRODUCT_BUNDLE_IDENTIFIER = com.metic.app;
				PRODUCT_NAME = Metic;
				SWIFT_ACTIVE_COMPILATION_CONDITIONS = "";
				SWIFT_VERSION = 5.0;
				TARGETED_DEVICE_FAMILY = "1,2";
			};
			name = Release;
		};
		9E222C563009E322009A1738 /* Debug */ = {
			isa = XCBuildConfiguration;
			buildSettings = {
				CLANG_CXX_LANGUAGE_STANDARD = "gnu++20";
				CLANG_ENABLE_OBJC_WEAK = YES;
				CODE_SIGN_ENTITLEMENTS = ShareExtension/ShareExtension.entitlements;
				CODE_SIGN_STYLE = Automatic;
				CURRENT_PROJECT_VERSION = 1;
				GCC_C_LANGUAGE_STANDARD = gnu17;
				GENERATE_INFOPLIST_FILE = YES;
				INFOPLIST_FILE = ShareExtension/Info.plist;
				INFOPLIST_KEY_CFBundleDisplayName = ShareExtension;
				INFOPLIST_KEY_NSHumanReadableCopyright = "";
				IPHONEOS_DEPLOYMENT_TARGET = 26.5;
				LD_RUNPATH_SEARCH_PATHS = (
					"$(inherited)",
					"@executable_path/Frameworks",
					"@executable_path/../../Frameworks",
				);
				LOCALIZATION_PREFERS_STRING_CATALOGS = YES;
				MARKETING_VERSION = 1.0;
				MTL_ENABLE_DEBUG_INFO = INCLUDE_SOURCE;
				MTL_FAST_MATH = YES;
				PRODUCT_BUNDLE_IDENTIFIER = com.metic.app.ShareExtension;
				PRODUCT_NAME = "$(TARGET_NAME)";
				SKIP_INSTALL = YES;
				STRING_CATALOG_GENERATE_SYMBOLS = YES;
				SWIFT_ACTIVE_COMPILATION_CONDITIONS = "DEBUG $(inherited)";
				SWIFT_APPROACHABLE_CONCURRENCY = YES;
				SWIFT_EMIT_LOC_STRINGS = YES;
				SWIFT_UPCOMING_FEATURE_MEMBER_IMPORT_VISIBILITY = YES;
				SWIFT_VERSION = 5.0;
				TARGETED_DEVICE_FAMILY = "1,2";
			};
			name = Debug;
		};
		9E222C573009E322009A1738 /* Release */ = {
			isa = XCBuildConfiguration;
			buildSettings = {
				CLANG_CXX_LANGUAGE_STANDARD = "gnu++20";
				CLANG_ENABLE_OBJC_WEAK = YES;
				CODE_SIGN_ENTITLEMENTS = ShareExtension/ShareExtension.entitlements;
				CODE_SIGN_STYLE = Automatic;
				CURRENT_PROJECT_VERSION = 1;
				GCC_C_LANGUAGE_STANDARD = gnu17;
				GENERATE_INFOPLIST_FILE = YES;
				INFOPLIST_FILE = ShareExtension/Info.plist;
				INFOPLIST_KEY_CFBundleDisplayName = ShareExtension;
				INFOPLIST_KEY_NSHumanReadableCopyright = "";
				IPHONEOS_DEPLOYMENT_TARGET = 26.5;
				LD_RUNPATH_SEARCH_PATHS = (
					"$(inherited)",
					"@executable_path/Frameworks",
					"@executable_path/../../Frameworks",
				);
				LOCALIZATION_PREFERS_STRING_CATALOGS = YES;
				MARKETING_VERSION = 1.0;
				MTL_FAST_MATH = YES;
				PRODUCT_BUNDLE_IDENTIFIER = com.metic.app.ShareExtension;
				PRODUCT_NAME = "$(TARGET_NAME)";
				SKIP_INSTALL = YES;
				STRING_CATALOG_GENERATE_SYMBOLS = YES;
				SWIFT_APPROACHABLE_CONCURRENCY = YES;
				SWIFT_EMIT_LOC_STRINGS = YES;
				SWIFT_UPCOMING_FEATURE_MEMBER_IMPORT_VISIBILITY = YES;
				SWIFT_VERSION = 5.0;
				TARGETED_DEVICE_FAMILY = "1,2";
			};
			name = Release;
		};
		B389B07C9B70CAB5058CDA0C /* Release */ = {
			isa = XCBuildConfiguration;
			buildSettings = {
				ASSETCATALOG_COMPILER_GLOBAL_ACCENT_COLOR_NAME = AccentColor;
				CLANG_ENABLE_OBJC_WEAK = NO;
				CODE_SIGN_ENTITLEMENTS = MeticWidgets/MeticWidgets.entitlements;
				CODE_SIGN_STYLE = Automatic;
				CURRENT_PROJECT_VERSION = 1;
				DEVELOPMENT_TEAM = A5J788W4Q9;
				GENERATE_INFOPLIST_FILE = NO;
				INFOPLIST_FILE = MeticWidgets/Info.plist;
				IPHONEOS_DEPLOYMENT_TARGET = 17.0;
				LD_RUNPATH_SEARCH_PATHS = (
					"$(inherited)",
					"@executable_path/Frameworks",
					"@executable_path/../../Frameworks",
				);
				MARKETING_VERSION = 3.0.0;
				PRODUCT_BUNDLE_IDENTIFIER = com.metic.app.MeticWidgets;
				PRODUCT_NAME = "$(TARGET_NAME)";
				SDKROOT = iphoneos;
				SKIP_INSTALL = YES;
				SWIFT_VERSION = 5.0;
				TARGETED_DEVICE_FAMILY = "1,2";
				VALIDATE_PRODUCT = YES;
			};
			name = Release;
		};
		D95F342036FA1CF2ADEFEB91 /* Release */ = {
			isa = XCBuildConfiguration;
			buildSettings = {
				CLANG_ENABLE_OBJC_WEAK = NO;
				CODE_SIGN_STYLE = Automatic;
				DEVELOPMENT_TEAM = A5J788W4Q9;
				GENERATE_INFOPLIST_FILE = YES;
				IPHONEOS_DEPLOYMENT_TARGET = 17.0;
				PRODUCT_BUNDLE_IDENTIFIER = com.metic.app.MeticWidgetsTests;
				PRODUCT_NAME = "$(TARGET_NAME)";
				SDKROOT = iphoneos;
				SWIFT_VERSION = 5.0;
				VALIDATE_PRODUCT = YES;
			};
			name = Release;
		};
/* End XCBuildConfiguration section */

/* Begin XCConfigurationList section */
		504EC2FF1FED79650016851F /* Build configuration list for PBXProject "App" */ = {
			isa = XCConfigurationList;
			buildConfigurations = (
				504EC3141FED79650016851F /* Debug */,
				504EC3151FED79650016851F /* Release */,
			);
			defaultConfigurationIsVisible = 0;
			defaultConfigurationName = Release;
		};
		504EC3161FED79650016851F /* Build configuration list for PBXNativeTarget "Metic" */ = {
			isa = XCConfigurationList;
			buildConfigurations = (
				504EC3171FED79650016851F /* Debug */,
				504EC3181FED79650016851F /* Release */,
			);
			defaultConfigurationIsVisible = 0;
			defaultConfigurationName = Release;
		};
		787F6A2806AC0F5953A3F938 /* Build configuration list for PBXNativeTarget "MeticWidgetsTests" */ = {
			isa = XCConfigurationList;
			buildConfigurations = (
				D95F342036FA1CF2ADEFEB91 /* Release */,
				4852C8576E307527558E7CE9 /* Debug */,
			);
			defaultConfigurationIsVisible = 0;
			defaultConfigurationName = Release;
		};
		9E222C593009E322009A1738 /* Build configuration list for PBXNativeTarget "ShareExtension" */ = {
			isa = XCConfigurationList;
			buildConfigurations = (
				9E222C563009E322009A1738 /* Debug */,
				9E222C573009E322009A1738 /* Release */,
			);
			defaultConfigurationIsVisible = 0;
			defaultConfigurationName = Release;
		};
		F3B3F40FA63C4448B92F578A /* Build configuration list for PBXNativeTarget "MeticWidgets" */ = {
			isa = XCConfigurationList;
			buildConfigurations = (
				B389B07C9B70CAB5058CDA0C /* Release */,
				4AE4C8F188E3F357F9F8A44E /* Debug */,
			);
			defaultConfigurationIsVisible = 0;
			defaultConfigurationName = Release;
		};
/* End XCConfigurationList section */

/* Begin XCLocalSwiftPackageReference section */
		D4C12C0A2AAA248700AAC8A2 /* XCLocalSwiftPackageReference "CapApp-SPM" */ = {
			isa = XCLocalSwiftPackageReference;
			relativePath = "CapApp-SPM";
		};
/* End XCLocalSwiftPackageReference section */

/* Begin XCSwiftPackageProductDependency section */
		4D22ABE82AF431CB00220026 /* CapApp-SPM */ = {
			isa = XCSwiftPackageProductDependency;
			package = D4C12C0A2AAA248700AAC8A2 /* XCLocalSwiftPackageReference "CapApp-SPM" */;
			productName = "CapApp-SPM";
		};
/* End XCSwiftPackageProductDependency section */
	};
	rootObject = 504EC2FC1FED79650016851F /* Project object */;
}
